
Microsoft Visual Studio Solution File, Format Version 12.00
# Visual Studio 15
VisualStudioVersion = 15.0.28307.645
MinimumVisualStudioVersion = 10.0.40219.1
Project("{FAE04EC0-301F-11D3-BF4B-00C04F79EFBC}") = "Runesole", "Runesole\Runesole.csproj", "{FEDA903C-80FE-4944-91F1-AD9E13715FEF}"
EndProject
Global
	GlobalSection(SolutionConfigurationPlatforms) = preSolution
		Debug|Any CPU = Debug|Any CPU
		Release|Any CPU = Release|Any CPU
	EndGlobalSection
	GlobalSection(ProjectConfigurationPlatforms) = postSolution
		{FEDA903C-80FE-4944-91F1-AD9E13715FEF}.Debug|Any CPU.ActiveCfg = Debug|Any CPU
		{FEDA903C-80FE-4944-91F1-AD9E13715FEF}.Debug|Any CPU.Build.0 = Debug|Any CPU
		{FEDA903C-80FE-4944-91F1-AD9E13715FEF}.Release|Any CPU.ActiveCfg = Release|Any CPU
		{FEDA903C-80FE-4944-91F1-AD9E13715FEF}.Release|Any CPU.Build.0 = Release|Any CPU
	EndGlobalSection
	GlobalSection(SolutionProperties) = preSolution
		HideSolutionNode = FALSE
	EndGlobalSection
	GlobalSection(ExtensibilityGlobals) = postSolution
		SolutionGuid = {76BCB955-E042-4006-A9B2-62B0366E5E9D}
	EndGlobalSection
EndGlobal
